
Microsoft Visual Studio Solution File, Format Version 12.00
# Visual Studio Version 17
VisualStudioVersion = 17.4.33103.184
MinimumVisualStudioVersion = 10.0.40219.1
Project("{2150E333-8FDC-42A3-9474-1A3956D46DE8}") = "src", "src", "{B9B5E997-96C8-48E4-88F2-BBBE9A0CDA22}"
EndProject
Project("{2150E333-8FDC-42A3-9474-1A3956D46DE8}") = "test", "test", "{CA08AB00-BBCF-403C-93C9-470CCF83AE22}"
EndProject
Project("{9A19103F-16F7-4668-BE54-9A1E7A4F7556}") = "OnlineMarket.Domain", "src\OnlineMarket.Domain\OnlineMarket.Domain.csproj", "{7B6E7CD1-F026-4C05-BFBD-0A58E2BB57BC}"
EndProject
Project("{9A19103F-16F7-4668-BE54-9A1E7A4F7556}") = "OnlineMarket.DataAccess", "src\OnlineMarket.DataAccess\OnlineMarket.DataAccess.csproj", "{F39AC3C2-2D5B-47AE-93F6-70F86BFC65C8}"
EndProject
Project("{9A19103F-16F7-4668-BE54-9A1E7A4F7556}") = "OnlineMarket.Service", "src\OnlineMarket.Service\OnlineMarket.Service.csproj", "{A0ACD312-F6A7-4551-929C-13936EDBDC76}"
EndProject
Project("{9A19103F-16F7-4668-BE54-9A1E7A4F7556}") = "OnlineMarket.UnitTest", "test\OnlineMarket.UnitTest\OnlineMarket.UnitTest.csproj", "{57DB93F5-05B9-413A-A5B0-E03616BB6F6C}"
EndProject
Project("{9A19103F-16F7-4668-BE54-9A1E7A4F7556}") = "OnlineMarket.IntegrationTest", "test\OnlineMarket.IntegrationTest\OnlineMarket.IntegrationTest.csproj", "{6206F683-8AF2-4F73-B643-917F5FF5C71F}"
EndProject
Project("{9A19103F-16F7-4668-BE54-9A1E7A4F7556}") = "OnlineMarket.Web", "src\OnlineMarket.Web\OnlineMarket.Web.csproj", "{D592A66B-2115-4F1A-97DE-B89DC61AB738}"
EndProject
Global
	GlobalSection(SolutionConfigurationPlatforms) = preSolution
		Debug|Any CPU = Debug|Any CPU
		Release|Any CPU = Release|Any CPU
	EndGlobalSection
	GlobalSection(ProjectConfigurationPlatforms) = postSolution
		{7B6E7CD1-F026-4C05-BFBD-0A58E2BB57BC}.Debug|Any CPU.ActiveCfg = Debug|Any CPU
		{7B6E7CD1-F026-4C05-BFBD-0A58E2BB57BC}.Debug|Any CPU.Build.0 = Debug|Any CPU
		{7B6E7CD1-F026-4C05-BFBD-0A58E2BB57BC}.Release|Any CPU.ActiveCfg = Release|Any CPU
		{7B6E7CD1-F026-4C05-BFBD-0A58E2BB57BC}.Release|Any CPU.Build.0 = Release|Any CPU
		{F39AC3C2-2D5B-47AE-93F6-70F86BFC65C8}.Debug|Any CPU.ActiveCfg = Debug|Any CPU
		{F39AC3C2-2D5B-47AE-93F6-70F86BFC65C8}.Debug|Any CPU.Build.0 = Debug|Any CPU
		{F39AC3C2-2D5B-47AE-93F6-70F86BFC65C8}.Release|Any CPU.ActiveCfg = Release|Any CPU
		{F39AC3C2-2D5B-47AE-93F6-70F86BFC65C8}.Release|Any CPU.Build.0 = Release|Any CPU
		{A0ACD312-F6A7-4551-929C-13936EDBDC76}.Debug|Any CPU.ActiveCfg = Debug|Any CPU
		{A0ACD312-F6A7-4551-929C-13936EDBDC76}.Debug|Any CPU.Build.0 = Debug|Any CPU
		{A0ACD312-F6A7-4551-929C-13936EDBDC76}.Release|Any CPU.ActiveCfg = Release|Any CPU
		{A0ACD312-F6A7-4551-929C-13936EDBDC76}.Release|Any CPU.Build.0 = Release|Any CPU
		{57DB93F5-05B9-413A-A5B0-E03616BB6F6C}.Debug|Any CPU.ActiveCfg = Debug|Any CPU
		{57DB93F5-05B9-413A-A5B0-E03616BB6F6C}.Debug|Any CPU.Build.0 = Debug|Any CPU
		{57DB93F5-05B9-413A-A5B0-E03616BB6F6C}.Release|Any CPU.ActiveCfg = Release|Any CPU
		{57DB93F5-05B9-413A-A5B0-E03616BB6F6C}.Release|Any CPU.Build.0 = Release|Any CPU
		{6206F683-8AF2-4F73-B643-917F5FF5C71F}.Debug|Any CPU.ActiveCfg = Debug|Any CPU
		{6206F683-8AF2-4F73-B643-917F5FF5C71F}.Debug|Any CPU.Build.0 = Debug|Any CPU
		{6206F683-8AF2-4F73-B643-917F5FF5C71F}.Release|Any CPU.ActiveCfg = Release|Any CPU
		{6206F683-8AF2-4F73-B643-917F5FF5C71F}.Release|Any CPU.Build.0 = Release|Any CPU
		{D592A66B-2115-4F1A-97DE-B89DC61AB738}.Debug|Any CPU.ActiveCfg = Debug|Any CPU
		{D592A66B-2115-4F1A-97DE-B89DC61AB738}.Debug|Any CPU.Build.0 = Debug|Any CPU
		{D592A66B-2115-4F1A-97DE-B89DC61AB738}.Release|Any CPU.ActiveCfg = Release|Any CPU
		{D592A66B-2115-4F1A-97DE-B89DC61AB738}.Release|Any CPU.Build.0 = Release|Any CPU
	EndGlobalSection
	GlobalSection(SolutionProperties) = preSolution
		HideSolutionNode = FALSE
	EndGlobalSection
	GlobalSection(NestedProjects) = preSolution
		{7B6E7CD1-F026-4C05-BFBD-0A58E2BB57BC} = {B9B5E997-96C8-48E4-88F2-BBBE9A0CDA22}
		{F39AC3C2-2D5B-47AE-93F6-70F86BFC65C8} = {B9B5E997-96C8-48E4-88F2-BBBE9A0CDA22}
		{A0ACD312-F6A7-4551-929C-13936EDBDC76} = {B9B5E997-96C8-48E4-88F2-BBBE9A0CDA22}
		{57DB93F5-05B9-413A-A5B0-E03616BB6F6C} = {CA08AB00-BBCF-403C-93C9-470CCF83AE22}
		{6206F683-8AF2-4F73-B643-917F5FF5C71F} = {CA08AB00-BBCF-403C-93C9-470CCF83AE22}
		{D592A66B-2115-4F1A-97DE-B89DC61AB738} = {B9B5E997-96C8-48E4-88F2-BBBE9A0CDA22}
	EndGlobalSection
	GlobalSection(ExtensibilityGlobals) = postSolution
		SolutionGuid = {D6B4555B-0775-46FC-8D4E-95BD9C20AAB0}
	EndGlobalSection
EndGlobal
